
Microsoft Visual Studio Solution File, Format Version 12.00
# Visual Studio 2013
VisualStudioVersion = 12.0.21005.1
MinimumVisualStudioVersion = 10.0.40219.1
Project("{FAE04EC0-301F-11D3-BF4B-00C04F79EFBC}") = "Spotmap.Core", "Spotmap.Core\Spotmap.Core.csproj", "{1F52719F-2C69-4B12-A255-BB960E6F8B32}"
EndProject
Project("{FAE04EC0-301F-11D3-BF4B-00C04F79EFBC}") = "Spotmap.Droid", "Spotmap.Droid\Spotmap.Droid.csproj", "{0C548AD2-7EF5-4661-85A8-84F80B736CA3}"
EndProject
Project("{FAE04EC0-301F-11D3-BF4B-00C04F79EFBC}") = "SpotmapModel", "SpotmapModel\SpotmapModel.csproj", "{D30345AD-FE16-4B29-9785-5743FE60F557}"
EndProject
Project("{FAE04EC0-301F-11D3-BF4B-00C04F79EFBC}") = "SpotmapUtils", "SpotmapUtils\SpotmapUtils.csproj", "{A3524194-DE3E-4FE5-90F7-EEC615BEE873}"
EndProject
Project("{2150E333-8FDC-42A3-9474-1A3956D46DE8}") = "Plugins", "Plugins", "{3A6FE14C-4145-41B1-B627-CFF9FC89ED9F}"
EndProject
Project("{2150E333-8FDC-42A3-9474-1A3956D46DE8}") = "ExifPictureChooser", "ExifPictureChooser", "{6A965BD9-E8AD-4815-9400-EF4FD7B727A7}"
EndProject
Project("{FAE04EC0-301F-11D3-BF4B-00C04F79EFBC}") = "ExifPictureChooser.Droid", "Plugins\ExifPictureChooser\ExifPictureChooser.Droid\ExifPictureChooser.Droid.csproj", "{BE86BAD6-8F7F-4795-A9AB-DF4001322172}"
EndProject
Project("{FAE04EC0-301F-11D3-BF4B-00C04F79EFBC}") = "KS21.MvvmCross.Plugins.ExifPictureChooser", "Plugins\ExifPictureChooser\ExifPictureChooser\KS21.MvvmCross.Plugins.ExifPictureChooser.csproj", "{F017A21D-1EBB-484C-B6A7-213ECEE88289}"
EndProject
Project("{FAE04EC0-301F-11D3-BF4B-00C04F79EFBC}") = "Spotmap.Touch", "Spotmap.Touch\Spotmap.Touch.csproj", "{4CC70A49-E58A-4D20-ABEE-B0E6FB7B5D06}"
EndProject
Project("{2150E333-8FDC-42A3-9474-1A3956D46DE8}") = "GetIpAddress", "GetIpAddress", "{0CCDB48A-5FEC-4C55-8BB1-3605A31D7692}"
EndProject
Project("{FAE04EC0-301F-11D3-BF4B-00C04F79EFBC}") = "KS21.MvvmCross.Plugins.GetIpAddress", "Plugins\GetIpAddress\KS21.MvvmCross.Plugins.GetIpAddress\KS21.MvvmCross.Plugins.GetIpAddress.csproj", "{A6231057-473C-4B86-B129-1BD6957783D4}"
EndProject
Project("{FAE04EC0-301F-11D3-BF4B-00C04F79EFBC}") = "KS21.MvvmCross.Plugins.GetIpAddress.Droid", "Plugins\GetIpAddress\KS21.MvvmCross.Plugins.GetIpAddress.Droid\KS21.MvvmCross.Plugins.GetIpAddress.Droid.csproj", "{73D73D86-7ACD-432A-99EE-530F8BA6E754}"
EndProject
Project("{2150E333-8FDC-42A3-9474-1A3956D46DE8}") = "SimpleTcp", "SimpleTcp", "{161DBA7F-472B-4B01-93BC-3E61F21DA8BA}"
EndProject
Project("{FAE04EC0-301F-11D3-BF4B-00C04F79EFBC}") = "KS21.MvvmCross.Plugins.SimpleTcp", "Plugins\SimpleTcp\KS21.MvvmCross.Plugins.SimpleTcp\KS21.MvvmCross.Plugins.SimpleTcp.csproj", "{F2DB70F3-82B7-437C-AEBB-CEB4CE2B06A4}"
EndProject
Project("{FAE04EC0-301F-11D3-BF4B-00C04F79EFBC}") = "KS21.MvvmCross.Plugsins.SimpleTcp.Droid", "Plugins\SimpleTcp\KS21.MvvmCross.Plugsins.SimpleTcp.Droid\KS21.MvvmCross.Plugsins.SimpleTcp.Droid.csproj", "{12FAFB7F-C5AB-483A-866B-F5F2623064A2}"
EndProject
Project("{2150E333-8FDC-42A3-9474-1A3956D46DE8}") = "BluetoothDataTransfer", "BluetoothDataTransfer", "{4C7AE6DF-C380-4719-ACDE-10AA951777DE}"
EndProject
Project("{FAE04EC0-301F-11D3-BF4B-00C04F79EFBC}") = "BluetoothDataTransfer", "Plugins\BluetoothDataTransfer\BluetoothDataTransfer\BluetoothDataTransfer.csproj", "{F9D593B9-F709-4D4D-A09D-5C86D14C4D05}"
EndProject
Project("{FAE04EC0-301F-11D3-BF4B-00C04F79EFBC}") = "BluetoothDataTransfer.Droid", "Plugins\BluetoothDataTransfer\BluetoothDataTransfer.Droid\BluetoothDataTransfer.Droid.csproj", "{97BFAAA7-02E3-4202-B3A5-F04D23A2ADE2}"
EndProject
Global
	GlobalSection(SolutionConfigurationPlatforms) = preSolution
		Ad-Hoc|Any CPU = Ad-Hoc|Any CPU
		Ad-Hoc|iPhone = Ad-Hoc|iPhone
		Ad-Hoc|iPhoneSimulator = Ad-Hoc|iPhoneSimulator
		Ad-Hoc|Mixed Platforms = Ad-Hoc|Mixed Platforms
		AppStore|Any CPU = AppStore|Any CPU
		AppStore|iPhone = AppStore|iPhone
		AppStore|iPhoneSimulator = AppStore|iPhoneSimulator
		AppStore|Mixed Platforms = AppStore|Mixed Platforms
		Debug|Any CPU = Debug|Any CPU
		Debug|iPhone = Debug|iPhone
		Debug|iPhoneSimulator = Debug|iPhoneSimulator
		Debug|Mixed Platforms = Debug|Mixed Platforms
		Release|Any CPU = Release|Any CPU
		Release|iPhone = Release|iPhone
		Release|iPhoneSimulator = Release|iPhoneSimulator
		Release|Mixed Platforms = Release|Mixed Platforms
	EndGlobalSection
	GlobalSection(ProjectConfigurationPlatforms) = postSolution
		{1F52719F-2C69-4B12-A255-BB960E6F8B32}.Ad-Hoc|Any CPU.ActiveCfg = Release|Any CPU
		{1F52719F-2C69-4B12-A255-BB960E6F8B32}.Ad-Hoc|Any CPU.Build.0 = Release|Any CPU
		{1F52719F-2C69-4B12-A255-BB960E6F8B32}.Ad-Hoc|iPhone.ActiveCfg = Release|Any CPU
		{1F52719F-2C69-4B12-A255-BB960E6F8B32}.Ad-Hoc|iPhoneSimulator.ActiveCfg = Release|Any CPU
		{1F52719F-2C69-4B12-A255-BB960E6F8B32}.Ad-Hoc|Mixed Platforms.ActiveCfg = Release|Any CPU
		{1F52719F-2C69-4B12-A255-BB960E6F8B32}.Ad-Hoc|Mixed Platforms.Build.0 = Release|Any CPU
		{1F52719F-2C69-4B12-A255-BB960E6F8B32}.AppStore|Any CPU.ActiveCfg = Release|Any CPU
		{1F52719F-2C69-4B12-A255-BB960E6F8B32}.AppStore|Any CPU.Build.0 = Release|Any CPU
		{1F52719F-2C69-4B12-A255-BB960E6F8B32}.AppStore|iPhone.ActiveCfg = Release|Any CPU
		{1F52719F-2C69-4B12-A255-BB960E6F8B32}.AppStore|iPhoneSimulator.ActiveCfg = Release|Any CPU
		{1F52719F-2C69-4B12-A255-BB960E6F8B32}.AppStore|Mixed Platforms.ActiveCfg = Release|Any CPU
		{1F52719F-2C69-4B12-A255-BB960E6F8B32}.AppStore|Mixed Platforms.Build.0 = Release|Any CPU
		{1F52719F-2C69-4B12-A255-BB960E6F8B32}.Debug|Any CPU.ActiveCfg = Debug|Any CPU
		{1F52719F-2C69-4B12-A255-BB960E6F8B32}.Debug|Any CPU.Build.0 = Debug|Any CPU
		{1F52719F-2C69-4B12-A255-BB960E6F8B32}.Debug|iPhone.ActiveCfg = Debug|Any CPU
		{1F52719F-2C69-4B12-A255-BB960E6F8B32}.Debug|iPhoneSimulator.ActiveCfg = Debug|Any CPU
		{1F52719F-2C69-4B12-A255-BB960E6F8B32}.Debug|Mixed Platforms.ActiveCfg = Debug|Any CPU
		{1F52719F-2C69-4B12-A255-BB960E6F8B32}.Debug|Mixed Platforms.Build.0 = Debug|Any CPU
		{1F52719F-2C69-4B12-A255-BB960E6F8B32}.Release|Any CPU.ActiveCfg = Release|Any CPU
		{1F52719F-2C69-4B12-A255-BB960E6F8B32}.Release|Any CPU.Build.0 = Release|Any CPU
		{1F52719F-2C69-4B12-A255-BB960E6F8B32}.Release|iPhone.ActiveCfg = Release|Any CPU
		{1F52719F-2C69-4B12-A255-BB960E6F8B32}.Release|iPhoneSimulator.ActiveCfg = Release|Any CPU
		{1F52719F-2C69-4B12-A255-BB960E6F8B32}.Release|Mixed Platforms.ActiveCfg = Release|Any CPU
		{1F52719F-2C69-4B12-A255-BB960E6F8B32}.Release|Mixed Platforms.Build.0 = Release|Any CPU
		{0C548AD2-7EF5-4661-85A8-84F80B736CA3}.Ad-Hoc|Any CPU.ActiveCfg = Release|Any CPU
		{0C548AD2-7EF5-4661-85A8-84F80B736CA3}.Ad-Hoc|Any CPU.Build.0 = Release|Any CPU
		{0C548AD2-7EF5-4661-85A8-84F80B736CA3}.Ad-Hoc|Any CPU.Deploy.0 = Release|Any CPU
		{0C548AD2-7EF5-4661-85A8-84F80B736CA3}.Ad-Hoc|iPhone.ActiveCfg = Release|Any CPU
		{0C548AD2-7EF5-4661-85A8-84F80B736CA3}.Ad-Hoc|iPhoneSimulator.ActiveCfg = Release|Any CPU
		{0C548AD2-7EF5-4661-85A8-84F80B736CA3}.Ad-Hoc|Mixed Platforms.ActiveCfg = Release|Any CPU
		{0C548AD2-7EF5-4661-85A8-84F80B736CA3}.Ad-Hoc|Mixed Platforms.Build.0 = Release|Any CPU
		{0C548AD2-7EF5-4661-85A8-84F80B736CA3}.Ad-Hoc|Mixed Platforms.Deploy.0 = Release|Any CPU
		{0C548AD2-7EF5-4661-85A8-84F80B736CA3}.AppStore|Any CPU.ActiveCfg = Release|Any CPU
		{0C548AD2-7EF5-4661-85A8-84F80B736CA3}.AppStore|Any CPU.Build.0 = Release|Any CPU
		{0C548AD2-7EF5-4661-85A8-84F80B736CA3}.AppStore|Any CPU.Deploy.0 = Release|Any CPU
		{0C548AD2-7EF5-4661-85A8-84F80B736CA3}.AppStore|iPhone.ActiveCfg = Release|Any CPU
		{0C548AD2-7EF5-4661-85A8-84F80B736CA3}.AppStore|iPhoneSimulator.ActiveCfg = Release|Any CPU
		{0C548AD2-7EF5-4661-85A8-84F80B736CA3}.AppStore|Mixed Platforms.ActiveCfg = Release|Any CPU
		{0C548AD2-7EF5-4661-85A8-84F80B736CA3}.AppStore|Mixed Platforms.Build.0 = Release|Any CPU
		{0C548AD2-7EF5-4661-85A8-84F80B736CA3}.AppStore|Mixed Platforms.Deploy.0 = Release|Any CPU
		{0C548AD2-7EF5-4661-85A8-84F80B736CA3}.Debug|Any CPU.ActiveCfg = Debug|Any CPU
		{0C548AD2-7EF5-4661-85A8-84F80B736CA3}.Debug|Any CPU.Build.0 = Debug|Any CPU
		{0C548AD2-7EF5-4661-85A8-84F80B736CA3}.Debug|Any CPU.Deploy.0 = Debug|Any CPU
		{0C548AD2-7EF5-4661-85A8-84F80B736CA3}.Debug|iPhone.ActiveCfg = Debug|Any CPU
		{0C548AD2-7EF5-4661-85A8-84F80B736CA3}.Debug|iPhoneSimulator.ActiveCfg = Debug|Any CPU
		{0C548AD2-7EF5-4661-85A8-84F80B736CA3}.Debug|Mixed Platforms.ActiveCfg = Debug|Any CPU
		{0C548AD2-7EF5-4661-85A8-84F80B736CA3}.Debug|Mixed Platforms.Build.0 = Debug|Any CPU
		{0C548AD2-7EF5-4661-85A8-84F80B736CA3}.Debug|Mixed Platforms.Deploy.0 = Debug|Any CPU
		{0C548AD2-7EF5-4661-85A8-84F80B736CA3}.Release|Any CPU.ActiveCfg = Release|Any CPU
		{0C548AD2-7EF5-4661-85A8-84F80B736CA3}.Release|Any CPU.Build.0 = Release|Any CPU
		{0C548AD2-7EF5-4661-85A8-84F80B736CA3}.Release|Any CPU.Deploy.0 = Release|Any CPU
		{0C548AD2-7EF5-4661-85A8-84F80B736CA3}.Release|iPhone.ActiveCfg = Release|Any CPU
		{0C548AD2-7EF5-4661-85A8-84F80B736CA3}.Release|iPhoneSimulator.ActiveCfg = Release|Any CPU
		{0C548AD2-7EF5-4661-85A8-84F80B736CA3}.Release|Mixed Platforms.ActiveCfg = Release|Any CPU
		{0C548AD2-7EF5-4661-85A8-84F80B736CA3}.Release|Mixed Platforms.Build.0 = Release|Any CPU
		{0C548AD2-7EF5-4661-85A8-84F80B736CA3}.Release|Mixed Platforms.Deploy.0 = Release|Any CPU
		{D30345AD-FE16-4B29-9785-5743FE60F557}.Ad-Hoc|Any CPU.ActiveCfg = Release|Any CPU
		{D30345AD-FE16-4B29-9785-5743FE60F557}.Ad-Hoc|Any CPU.Build.0 = Release|Any CPU
		{D30345AD-FE16-4B29-9785-5743FE60F557}.Ad-Hoc|iPhone.ActiveCfg = Release|Any CPU
		{D30345AD-FE16-4B29-9785-5743FE60F557}.Ad-Hoc|iPhoneSimulator.ActiveCfg = Release|Any CPU
		{D30345AD-FE16-4B29-9785-5743FE60F557}.Ad-Hoc|Mixed Platforms.ActiveCfg = Release|Any CPU
		{D30345AD-FE16-4B29-9785-5743FE60F557}.Ad-Hoc|Mixed Platforms.Build.0 = Release|Any CPU
		{D30345AD-FE16-4B29-9785-5743FE60F557}.AppStore|Any CPU.ActiveCfg = Release|Any CPU
		{D30345AD-FE16-4B29-9785-5743FE60F557}.AppStore|Any CPU.Build.0 = Release|Any CPU
		{D30345AD-FE16-4B29-9785-5743FE60F557}.AppStore|iPhone.ActiveCfg = Release|Any CPU
		{D30345AD-FE16-4B29-9785-5743FE60F557}.AppStore|iPhoneSimulator.ActiveCfg = Release|Any CPU
		{D30345AD-FE16-4B29-9785-5743FE60F557}.AppStore|Mixed Platforms.ActiveCfg = Release|Any CPU
		{D30345AD-FE16-4B29-9785-5743FE60F557}.AppStore|Mixed Platforms.Build.0 = Release|Any CPU
		{D30345AD-FE16-4B29-9785-5743FE60F557}.Debug|Any CPU.ActiveCfg = Debug|Any CPU
		{D30345AD-FE16-4B29-9785-5743FE60F557}.Debug|Any CPU.Build.0 = Debug|Any CPU
		{D30345AD-FE16-4B29-9785-5743FE60F557}.Debug|iPhone.ActiveCfg = Debug|Any CPU
		{D30345AD-FE16-4B29-9785-5743FE60F557}.Debug|iPhoneSimulator.ActiveCfg = Debug|Any CPU
		{D30345AD-FE16-4B29-9785-5743FE60F557}.Debug|Mixed Platforms.ActiveCfg = Debug|Any CPU
		{D30345AD-FE16-4B29-9785-5743FE60F557}.Debug|Mixed Platforms.Build.0 = Debug|Any CPU
		{D30345AD-FE16-4B29-9785-5743FE60F557}.Release|Any CPU.ActiveCfg = Release|Any CPU
		{D30345AD-FE16-4B29-9785-5743FE60F557}.Release|Any CPU.Build.0 = Release|Any CPU
		{D30345AD-FE16-4B29-9785-5743FE60F557}.Release|iPhone.ActiveCfg = Release|Any CPU
		{D30345AD-FE16-4B29-9785-5743FE60F557}.Release|iPhoneSimulator.ActiveCfg = Release|Any CPU
		{D30345AD-FE16-4B29-9785-5743FE60F557}.Release|Mixed Platforms.ActiveCfg = Release|Any CPU
		{D30345AD-FE16-4B29-9785-5743FE60F557}.Release|Mixed Platforms.Build.0 = Release|Any CPU
		{A3524194-DE3E-4FE5-90F7-EEC615BEE873}.Ad-Hoc|Any CPU.ActiveCfg = Release|Any CPU
		{A3524194-DE3E-4FE5-90F7-EEC615BEE873}.Ad-Hoc|Any CPU.Build.0 = Release|Any CPU
		{A3524194-DE3E-4FE5-90F7-EEC615BEE873}.Ad-Hoc|iPhone.ActiveCfg = Release|Any CPU
		{A3524194-DE3E-4FE5-90F7-EEC615BEE873}.Ad-Hoc|iPhoneSimulator.ActiveCfg = Release|Any CPU
		{A3524194-DE3E-4FE5-90F7-EEC615BEE873}.Ad-Hoc|Mixed Platforms.ActiveCfg = Release|Any CPU
		{A3524194-DE3E-4FE5-90F7-EEC615BEE873}.Ad-Hoc|Mixed Platforms.Build.0 = Release|Any CPU
		{A3524194-DE3E-4FE5-90F7-EEC615BEE873}.AppStore|Any CPU.ActiveCfg = Release|Any CPU
		{A3524194-DE3E-4FE5-90F7-EEC615BEE873}.AppStore|Any CPU.Build.0 = Release|Any CPU
		{A3524194-DE3E-4FE5-90F7-EEC615BEE873}.AppStore|iPhone.ActiveCfg = Release|Any CPU
		{A3524194-DE3E-4FE5-90F7-EEC615BEE873}.AppStore|iPhoneSimulator.ActiveCfg = Release|Any CPU
		{A3524194-DE3E-4FE5-90F7-EEC615BEE873}.AppStore|Mixed Platforms.ActiveCfg = Release|Any CPU
		{A3524194-DE3E-4FE5-90F7-EEC615BEE873}.AppStore|Mixed Platforms.Build.0 = Release|Any CPU
		{A3524194-DE3E-4FE5-90F7-EEC615BEE873}.Debug|Any CPU.ActiveCfg = Debug|Any CPU
		{A3524194-DE3E-4FE5-90F7-EEC615BEE873}.Debug|Any CPU.Build.0 = Debug|Any CPU
		{A3524194-DE3E-4FE5-90F7-EEC615BEE873}.Debug|iPhone.ActiveCfg = Debug|Any CPU
		{A3524194-DE3E-4FE5-90F7-EEC615BEE873}.Debug|iPhoneSimulator.ActiveCfg = Debug|Any CPU
		{A3524194-DE3E-4FE5-90F7-EEC615BEE873}.Debug|Mixed Platforms.ActiveCfg = Debug|Any CPU
		{A3524194-DE3E-4FE5-90F7-EEC615BEE873}.Debug|Mixed Platforms.Build.0 = Debug|Any CPU
		{A3524194-DE3E-4FE5-90F7-EEC615BEE873}.Release|Any CPU.ActiveCfg = Release|Any CPU
		{A3524194-DE3E-4FE5-90F7-EEC615BEE873}.Release|Any CPU.Build.0 = Release|Any CPU
		{A3524194-DE3E-4FE5-90F7-EEC615BEE873}.Release|iPhone.ActiveCfg = Release|Any CPU
		{A3524194-DE3E-4FE5-90F7-EEC615BEE873}.Release|iPhoneSimulator.ActiveCfg = Release|Any CPU
		{A3524194-DE3E-4FE5-90F7-EEC615BEE873}.Release|Mixed Platforms.ActiveCfg = Release|Any CPU
		{A3524194-DE3E-4FE5-90F7-EEC615BEE873}.Release|Mixed Platforms.Build.0 = Release|Any CPU
		{BE86BAD6-8F7F-4795-A9AB-DF4001322172}.Ad-Hoc|Any CPU.ActiveCfg = Release|Any CPU
		{BE86BAD6-8F7F-4795-A9AB-DF4001322172}.Ad-Hoc|Any CPU.Build.0 = Release|Any CPU
		{BE86BAD6-8F7F-4795-A9AB-DF4001322172}.Ad-Hoc|iPhone.ActiveCfg = Release|Any CPU
		{BE86BAD6-8F7F-4795-A9AB-DF4001322172}.Ad-Hoc|iPhoneSimulator.ActiveCfg = Release|Any CPU
		{BE86BAD6-8F7F-4795-A9AB-DF4001322172}.Ad-Hoc|Mixed Platforms.ActiveCfg = Release|Any CPU
		{BE86BAD6-8F7F-4795-A9AB-DF4001322172}.Ad-Hoc|Mixed Platforms.Build.0 = Release|Any CPU
		{BE86BAD6-8F7F-4795-A9AB-DF4001322172}.AppStore|Any CPU.ActiveCfg = Release|Any CPU
		{BE86BAD6-8F7F-4795-A9AB-DF4001322172}.AppStore|Any CPU.Build.0 = Release|Any CPU
		{BE86BAD6-8F7F-4795-A9AB-DF4001322172}.AppStore|iPhone.ActiveCfg = Release|Any CPU
		{BE86BAD6-8F7F-4795-A9AB-DF4001322172}.AppStore|iPhoneSimulator.ActiveCfg = Release|Any CPU
		{BE86BAD6-8F7F-4795-A9AB-DF4001322172}.AppStore|Mixed Platforms.ActiveCfg = Release|Any CPU
		{BE86BAD6-8F7F-4795-A9AB-DF4001322172}.AppStore|Mixed Platforms.Build.0 = Release|Any CPU
		{BE86BAD6-8F7F-4795-A9AB-DF4001322172}.Debug|Any CPU.ActiveCfg = Debug|Any CPU
		{BE86BAD6-8F7F-4795-A9AB-DF4001322172}.Debug|Any CPU.Build.0 = Debug|Any CPU
		{BE86BAD6-8F7F-4795-A9AB-DF4001322172}.Debug|iPhone.ActiveCfg = Debug|Any CPU
		{BE86BAD6-8F7F-4795-A9AB-DF4001322172}.Debug|iPhoneSimulator.ActiveCfg = Debug|Any CPU
		{BE86BAD6-8F7F-4795-A9AB-DF4001322172}.Debug|Mixed Platforms.ActiveCfg = Debug|Any CPU
		{BE86BAD6-8F7F-4795-A9AB-DF4001322172}.Debug|Mixed Platforms.Build.0 = Debug|Any CPU
		{BE86BAD6-8F7F-4795-A9AB-DF4001322172}.Release|Any CPU.ActiveCfg = Release|Any CPU
		{BE86BAD6-8F7F-4795-A9AB-DF4001322172}.Release|Any CPU.Build.0 = Release|Any CPU
		{BE86BAD6-8F7F-4795-A9AB-DF4001322172}.Release|iPhone.ActiveCfg = Release|Any CPU
		{BE86BAD6-8F7F-4795-A9AB-DF4001322172}.Release|iPhoneSimulator.ActiveCfg = Release|Any CPU
		{BE86BAD6-8F7F-4795-A9AB-DF4001322172}.Release|Mixed Platforms.ActiveCfg = Release|Any CPU
		{BE86BAD6-8F7F-4795-A9AB-DF4001322172}.Release|Mixed Platforms.Build.0 = Release|Any CPU
		{F017A21D-1EBB-484C-B6A7-213ECEE88289}.Ad-Hoc|Any CPU.ActiveCfg = Release|Any CPU
		{F017A21D-1EBB-484C-B6A7-213ECEE88289}.Ad-Hoc|Any CPU.Build.0 = Release|Any CPU
		{F017A21D-1EBB-484C-B6A7-213ECEE88289}.Ad-Hoc|iPhone.ActiveCfg = Release|Any CPU
		{F017A21D-1EBB-484C-B6A7-213ECEE88289}.Ad-Hoc|iPhoneSimulator.ActiveCfg = Release|Any CPU
		{F017A21D-1EBB-484C-B6A7-213ECEE88289}.Ad-Hoc|Mixed Platforms.ActiveCfg = Release|Any CPU
		{F017A21D-1EBB-484C-B6A7-213ECEE88289}.Ad-Hoc|Mixed Platforms.Build.0 = Release|Any CPU
		{F017A21D-1EBB-484C-B6A7-213ECEE88289}.AppStore|Any CPU.ActiveCfg = Release|Any CPU
		{F017A21D-1EBB-484C-B6A7-213ECEE88289}.AppStore|Any CPU.Build.0 = Release|Any CPU
		{F017A21D-1EBB-484C-B6A7-213ECEE88289}.AppStore|iPhone.ActiveCfg = Release|Any CPU
		{F017A21D-1EBB-484C-B6A7-213ECEE88289}.AppStore|iPhoneSimulator.ActiveCfg = Release|Any CPU
		{F017A21D-1EBB-484C-B6A7-213ECEE88289}.AppStore|Mixed Platforms.ActiveCfg = Release|Any CPU
		{F017A21D-1EBB-484C-B6A7-213ECEE88289}.AppStore|Mixed Platforms.Build.0 = Release|Any CPU
		{F017A21D-1EBB-484C-B6A7-213ECEE88289}.Debug|Any CPU.ActiveCfg = Debug|Any CPU
		{F017A21D-1EBB-484C-B6A7-213ECEE88289}.Debug|Any CPU.Build.0 = Debug|Any CPU
		{F017A21D-1EBB-484C-B6A7-213ECEE88289}.Debug|iPhone.ActiveCfg = Debug|Any CPU
		{F017A21D-1EBB-484C-B6A7-213ECEE88289}.Debug|iPhoneSimulator.ActiveCfg = Debug|Any CPU
		{F017A21D-1EBB-484C-B6A7-213ECEE88289}.Debug|Mixed Platforms.ActiveCfg = Debug|Any CPU
		{F017A21D-1EBB-484C-B6A7-213ECEE88289}.Debug|Mixed Platforms.Build.0 = Debug|Any CPU
		{F017A21D-1EBB-484C-B6A7-213ECEE88289}.Release|Any CPU.ActiveCfg = Release|Any CPU
		{F017A21D-1EBB-484C-B6A7-213ECEE88289}.Release|Any CPU.Build.0 = Release|Any CPU
		{F017A21D-1EBB-484C-B6A7-213ECEE88289}.Release|iPhone.ActiveCfg = Release|Any CPU
		{F017A21D-1EBB-484C-B6A7-213ECEE88289}.Release|iPhoneSimulator.ActiveCfg = Release|Any CPU
		{F017A21D-1EBB-484C-B6A7-213ECEE88289}.Release|Mixed Platforms.ActiveCfg = Release|Any CPU
		{F017A21D-1EBB-484C-B6A7-213ECEE88289}.Release|Mixed Platforms.Build.0 = Release|Any CPU
		{4CC70A49-E58A-4D20-ABEE-B0E6FB7B5D06}.Ad-Hoc|Any CPU.ActiveCfg = Ad-Hoc|iPhone
		{4CC70A49-E58A-4D20-ABEE-B0E6FB7B5D06}.Ad-Hoc|iPhone.ActiveCfg = Ad-Hoc|iPhone
		{4CC70A49-E58A-4D20-ABEE-B0E6FB7B5D06}.Ad-Hoc|iPhone.Build.0 = Ad-Hoc|iPhone
		{4CC70A49-E58A-4D20-ABEE-B0E6FB7B5D06}.Ad-Hoc|iPhoneSimulator.ActiveCfg = Ad-Hoc|iPhoneSimulator
		{4CC70A49-E58A-4D20-ABEE-B0E6FB7B5D06}.Ad-Hoc|iPhoneSimulator.Build.0 = Ad-Hoc|iPhoneSimulator
		{4CC70A49-E58A-4D20-ABEE-B0E6FB7B5D06}.Ad-Hoc|Mixed Platforms.ActiveCfg = Ad-Hoc|iPhone
		{4CC70A49-E58A-4D20-ABEE-B0E6FB7B5D06}.Ad-Hoc|Mixed Platforms.Build.0 = Ad-Hoc|iPhone
		{4CC70A49-E58A-4D20-ABEE-B0E6FB7B5D06}.AppStore|Any CPU.ActiveCfg = AppStore|iPhone
		{4CC70A49-E58A-4D20-ABEE-B0E6FB7B5D06}.AppStore|iPhone.ActiveCfg = AppStore|iPhone
		{4CC70A49-E58A-4D20-ABEE-B0E6FB7B5D06}.AppStore|iPhone.Build.0 = AppStore|iPhone
		{4CC70A49-E58A-4D20-ABEE-B0E6FB7B5D06}.AppStore|iPhoneSimulator.ActiveCfg = AppStore|iPhoneSimulator
		{4CC70A49-E58A-4D20-ABEE-B0E6FB7B5D06}.AppStore|iPhoneSimulator.Build.0 = AppStore|iPhoneSimulator
		{4CC70A49-E58A-4D20-ABEE-B0E6FB7B5D06}.AppStore|Mixed Platforms.ActiveCfg = AppStore|iPhone
		{4CC70A49-E58A-4D20-ABEE-B0E6FB7B5D06}.AppStore|Mixed Platforms.Build.0 = AppStore|iPhone
		{4CC70A49-E58A-4D20-ABEE-B0E6FB7B5D06}.Debug|Any CPU.ActiveCfg = Debug|iPhone
		{4CC70A49-E58A-4D20-ABEE-B0E6FB7B5D06}.Debug|iPhone.ActiveCfg = Debug|iPhone
		{4CC70A49-E58A-4D20-ABEE-B0E6FB7B5D06}.Debug|iPhone.Build.0 = Debug|iPhone
		{4CC70A49-E58A-4D20-ABEE-B0E6FB7B5D06}.Debug|iPhoneSimulator.ActiveCfg = Debug|iPhoneSimulator
		{4CC70A49-E58A-4D20-ABEE-B0E6FB7B5D06}.Debug|iPhoneSimulator.Build.0 = Debug|iPhoneSimulator
		{4CC70A49-E58A-4D20-ABEE-B0E6FB7B5D06}.Debug|Mixed Platforms.ActiveCfg = Debug|iPhone
		{4CC70A49-E58A-4D20-ABEE-B0E6FB7B5D06}.Debug|Mixed Platforms.Build.0 = Debug|iPhone
		{4CC70A49-E58A-4D20-ABEE-B0E6FB7B5D06}.Release|Any CPU.ActiveCfg = Release|iPhone
		{4CC70A49-E58A-4D20-ABEE-B0E6FB7B5D06}.Release|iPhone.ActiveCfg = Release|iPhone
		{4CC70A49-E58A-4D20-ABEE-B0E6FB7B5D06}.Release|iPhone.Build.0 = Release|iPhone
		{4CC70A49-E58A-4D20-ABEE-B0E6FB7B5D06}.Release|iPhoneSimulator.ActiveCfg = Release|iPhoneSimulator
		{4CC70A49-E58A-4D20-ABEE-B0E6FB7B5D06}.Release|iPhoneSimulator.Build.0 = Release|iPhoneSimulator
		{4CC70A49-E58A-4D20-ABEE-B0E6FB7B5D06}.Release|Mixed Platforms.ActiveCfg = Release|iPhone
		{4CC70A49-E58A-4D20-ABEE-B0E6FB7B5D06}.Release|Mixed Platforms.Build.0 = Release|iPhone
		{A6231057-473C-4B86-B129-1BD6957783D4}.Ad-Hoc|Any CPU.ActiveCfg = Release|Any CPU
		{A6231057-473C-4B86-B129-1BD6957783D4}.Ad-Hoc|Any CPU.Build.0 = Release|Any CPU
		{A6231057-473C-4B86-B129-1BD6957783D4}.Ad-Hoc|iPhone.ActiveCfg = Release|Any CPU
		{A6231057-473C-4B86-B129-1BD6957783D4}.Ad-Hoc|iPhoneSimulator.ActiveCfg = Release|Any CPU
		{A6231057-473C-4B86-B129-1BD6957783D4}.Ad-Hoc|Mixed Platforms.ActiveCfg = Release|Any CPU
		{A6231057-473C-4B86-B129-1BD6957783D4}.Ad-Hoc|Mixed Platforms.Build.0 = Release|Any CPU
		{A6231057-473C-4B86-B129-1BD6957783D4}.AppStore|Any CPU.ActiveCfg = Release|Any CPU
		{A6231057-473C-4B86-B129-1BD6957783D4}.AppStore|Any CPU.Build.0 = Release|Any CPU
		{A6231057-473C-4B86-B129-1BD6957783D4}.AppStore|iPhone.ActiveCfg = Release|Any CPU
		{A6231057-473C-4B86-B129-1BD6957783D4}.AppStore|iPhoneSimulator.ActiveCfg = Release|Any CPU
		{A6231057-473C-4B86-B129-1BD6957783D4}.AppStore|Mixed Platforms.ActiveCfg = Release|Any CPU
		{A6231057-473C-4B86-B129-1BD6957783D4}.AppStore|Mixed Platforms.Build.0 = Release|Any CPU
		{A6231057-473C-4B86-B129-1BD6957783D4}.Debug|Any CPU.ActiveCfg = Debug|Any CPU
		{A6231057-473C-4B86-B129-1BD6957783D4}.Debug|Any CPU.Build.0 = Debug|Any CPU
		{A6231057-473C-4B86-B129-1BD6957783D4}.Debug|iPhone.ActiveCfg = Debug|Any CPU
		{A6231057-473C-4B86-B129-1BD6957783D4}.Debug|iPhoneSimulator.ActiveCfg = Debug|Any CPU
		{A6231057-473C-4B86-B129-1BD6957783D4}.Debug|Mixed Platforms.ActiveCfg = Debug|Any CPU
		{A6231057-473C-4B86-B129-1BD6957783D4}.Debug|Mixed Platforms.Build.0 = Debug|Any CPU
		{A6231057-473C-4B86-B129-1BD6957783D4}.Release|Any CPU.ActiveCfg = Release|Any CPU
		{A6231057-473C-4B86-B129-1BD6957783D4}.Release|Any CPU.Build.0 = Release|Any CPU
		{A6231057-473C-4B86-B129-1BD6957783D4}.Release|iPhone.ActiveCfg = Release|Any CPU
		{A6231057-473C-4B86-B129-1BD6957783D4}.Release|iPhoneSimulator.ActiveCfg = Release|Any CPU
		{A6231057-473C-4B86-B129-1BD6957783D4}.Release|Mixed Platforms.ActiveCfg = Release|Any CPU
		{A6231057-473C-4B86-B129-1BD6957783D4}.Release|Mixed Platforms.Build.0 = Release|Any CPU
		{73D73D86-7ACD-432A-99EE-530F8BA6E754}.Ad-Hoc|Any CPU.ActiveCfg = Release|Any CPU
		{73D73D86-7ACD-432A-99EE-530F8BA6E754}.Ad-Hoc|Any CPU.Build.0 = Release|Any CPU
		{73D73D86-7ACD-432A-99EE-530F8BA6E754}.Ad-Hoc|iPhone.ActiveCfg = Release|Any CPU
		{73D73D86-7ACD-432A-99EE-530F8BA6E754}.Ad-Hoc|iPhoneSimulator.ActiveCfg = Release|Any CPU
		{73D73D86-7ACD-432A-99EE-530F8BA6E754}.Ad-Hoc|Mixed Platforms.ActiveCfg = Release|Any CPU
		{73D73D86-7ACD-432A-99EE-530F8BA6E754}.Ad-Hoc|Mixed Platforms.Build.0 = Release|Any CPU
		{73D73D86-7ACD-432A-99EE-530F8BA6E754}.AppStore|Any CPU.ActiveCfg = Release|Any CPU
		{73D73D86-7ACD-432A-99EE-530F8BA6E754}.AppStore|Any CPU.Build.0 = Release|Any CPU
		{73D73D86-7ACD-432A-99EE-530F8BA6E754}.AppStore|iPhone.ActiveCfg = Release|Any CPU
		{73D73D86-7ACD-432A-99EE-530F8BA6E754}.AppStore|iPhoneSimulator.ActiveCfg = Release|Any CPU
		{73D73D86-7ACD-432A-99EE-530F8BA6E754}.AppStore|Mixed Platforms.ActiveCfg = Release|Any CPU
		{73D73D86-7ACD-432A-99EE-530F8BA6E754}.AppStore|Mixed Platforms.Build.0 = Release|Any CPU
		{73D73D86-7ACD-432A-99EE-530F8BA6E754}.Debug|Any CPU.ActiveCfg = Debug|Any CPU
		{73D73D86-7ACD-432A-99EE-530F8BA6E754}.Debug|Any CPU.Build.0 = Debug|Any CPU
		{73D73D86-7ACD-432A-99EE-530F8BA6E754}.Debug|iPhone.ActiveCfg = Debug|Any CPU
		{73D73D86-7ACD-432A-99EE-530F8BA6E754}.Debug|iPhoneSimulator.ActiveCfg = Debug|Any CPU
		{73D73D86-7ACD-432A-99EE-530F8BA6E754}.Debug|Mixed Platforms.ActiveCfg = Debug|Any CPU
		{73D73D86-7ACD-432A-99EE-530F8BA6E754}.Debug|Mixed Platforms.Build.0 = Debug|Any CPU
		{73D73D86-7ACD-432A-99EE-530F8BA6E754}.Release|Any CPU.ActiveCfg = Release|Any CPU
		{73D73D86-7ACD-432A-99EE-530F8BA6E754}.Release|Any CPU.Build.0 = Release|Any CPU
		{73D73D86-7ACD-432A-99EE-530F8BA6E754}.Release|iPhone.ActiveCfg = Release|Any CPU
		{73D73D86-7ACD-432A-99EE-530F8BA6E754}.Release|iPhoneSimulator.ActiveCfg = Release|Any CPU
		{73D73D86-7ACD-432A-99EE-530F8BA6E754}.Release|Mixed Platforms.ActiveCfg = Release|Any CPU
		{73D73D86-7ACD-432A-99EE-530F8BA6E754}.Release|Mixed Platforms.Build.0 = Release|Any CPU
		{F2DB70F3-82B7-437C-AEBB-CEB4CE2B06A4}.Ad-Hoc|Any CPU.ActiveCfg = Release|Any CPU
		{F2DB70F3-82B7-437C-AEBB-CEB4CE2B06A4}.Ad-Hoc|Any CPU.Build.0 = Release|Any CPU
		{F2DB70F3-82B7-437C-AEBB-CEB4CE2B06A4}.Ad-Hoc|iPhone.ActiveCfg = Release|Any CPU
		{F2DB70F3-82B7-437C-AEBB-CEB4CE2B06A4}.Ad-Hoc|iPhoneSimulator.ActiveCfg = Release|Any CPU
		{F2DB70F3-82B7-437C-AEBB-CEB4CE2B06A4}.Ad-Hoc|Mixed Platforms.ActiveCfg = Release|Any CPU
		{F2DB70F3-82B7-437C-AEBB-CEB4CE2B06A4}.Ad-Hoc|Mixed Platforms.Build.0 = Release|Any CPU
		{F2DB70F3-82B7-437C-AEBB-CEB4CE2B06A4}.AppStore|Any CPU.ActiveCfg = Release|Any CPU
		{F2DB70F3-82B7-437C-AEBB-CEB4CE2B06A4}.AppStore|Any CPU.Build.0 = Release|Any CPU
		{F2DB70F3-82B7-437C-AEBB-CEB4CE2B06A4}.AppStore|iPhone.ActiveCfg = Release|Any CPU
		{F2DB70F3-82B7-437C-AEBB-CEB4CE2B06A4}.AppStore|iPhoneSimulator.ActiveCfg = Release|Any CPU
		{F2DB70F3-82B7-437C-AEBB-CEB4CE2B06A4}.AppStore|Mixed Platforms.ActiveCfg = Release|Any CPU
		{F2DB70F3-82B7-437C-AEBB-CEB4CE2B06A4}.AppStore|Mixed Platforms.Build.0 = Release|Any CPU
		{F2DB70F3-82B7-437C-AEBB-CEB4CE2B06A4}.Debug|Any CPU.ActiveCfg = Debug|Any CPU
		{F2DB70F3-82B7-437C-AEBB-CEB4CE2B06A4}.Debug|Any CPU.Build.0 = Debug|Any CPU
		{F2DB70F3-82B7-437C-AEBB-CEB4CE2B06A4}.Debug|iPhone.ActiveCfg = Debug|Any CPU
		{F2DB70F3-82B7-437C-AEBB-CEB4CE2B06A4}.Debug|iPhoneSimulator.ActiveCfg = Debug|Any CPU
		{F2DB70F3-82B7-437C-AEBB-CEB4CE2B06A4}.Debug|Mixed Platforms.ActiveCfg = Debug|Any CPU
		{F2DB70F3-82B7-437C-AEBB-CEB4CE2B06A4}.Debug|Mixed Platforms.Build.0 = Debug|Any CPU
		{F2DB70F3-82B7-437C-AEBB-CEB4CE2B06A4}.Release|Any CPU.ActiveCfg = Release|Any CPU
		{F2DB70F3-82B7-437C-AEBB-CEB4CE2B06A4}.Release|Any CPU.Build.0 = Release|Any CPU
		{F2DB70F3-82B7-437C-AEBB-CEB4CE2B06A4}.Release|iPhone.ActiveCfg = Release|Any CPU
		{F2DB70F3-82B7-437C-AEBB-CEB4CE2B06A4}.Release|iPhoneSimulator.ActiveCfg = Release|Any CPU
		{F2DB70F3-82B7-437C-AEBB-CEB4CE2B06A4}.Release|Mixed Platforms.ActiveCfg = Release|Any CPU
		{F2DB70F3-82B7-437C-AEBB-CEB4CE2B06A4}.Release|Mixed Platforms.Build.0 = Release|Any CPU
		{12FAFB7F-C5AB-483A-866B-F5F2623064A2}.Ad-Hoc|Any CPU.ActiveCfg = Release|Any CPU
		{12FAFB7F-C5AB-483A-866B-F5F2623064A2}.Ad-Hoc|Any CPU.Build.0 = Release|Any CPU
		{12FAFB7F-C5AB-483A-866B-F5F2623064A2}.Ad-Hoc|iPhone.ActiveCfg = Release|Any CPU
		{12FAFB7F-C5AB-483A-866B-F5F2623064A2}.Ad-Hoc|iPhoneSimulator.ActiveCfg = Release|Any CPU
		{12FAFB7F-C5AB-483A-866B-F5F2623064A2}.Ad-Hoc|Mixed Platforms.ActiveCfg = Release|Any CPU
		{12FAFB7F-C5AB-483A-866B-F5F2623064A2}.Ad-Hoc|Mixed Platforms.Build.0 = Release|Any CPU
		{12FAFB7F-C5AB-483A-866B-F5F2623064A2}.AppStore|Any CPU.ActiveCfg = Release|Any CPU
		{12FAFB7F-C5AB-483A-866B-F5F2623064A2}.AppStore|Any CPU.Build.0 = Release|Any CPU
		{12FAFB7F-C5AB-483A-866B-F5F2623064A2}.AppStore|iPhone.ActiveCfg = Release|Any CPU
		{12FAFB7F-C5AB-483A-866B-F5F2623064A2}.AppStore|iPhoneSimulator.ActiveCfg = Release|Any CPU
		{12FAFB7F-C5AB-483A-866B-F5F2623064A2}.AppStore|Mixed Platforms.ActiveCfg = Release|Any CPU
		{12FAFB7F-C5AB-483A-866B-F5F2623064A2}.AppStore|Mixed Platforms.Build.0 = Release|Any CPU
		{12FAFB7F-C5AB-483A-866B-F5F2623064A2}.Debug|Any CPU.ActiveCfg = Debug|Any CPU
		{12FAFB7F-C5AB-483A-866B-F5F2623064A2}.Debug|Any CPU.Build.0 = Debug|Any CPU
		{12FAFB7F-C5AB-483A-866B-F5F2623064A2}.Debug|iPhone.ActiveCfg = Debug|Any CPU
		{12FAFB7F-C5AB-483A-866B-F5F2623064A2}.Debug|iPhoneSimulator.ActiveCfg = Debug|Any CPU
		{12FAFB7F-C5AB-483A-866B-F5F2623064A2}.Debug|Mixed Platforms.ActiveCfg = Debug|Any CPU
		{12FAFB7F-C5AB-483A-866B-F5F2623064A2}.Debug|Mixed Platforms.Build.0 = Debug|Any CPU
		{12FAFB7F-C5AB-483A-866B-F5F2623064A2}.Release|Any CPU.ActiveCfg = Release|Any CPU
		{12FAFB7F-C5AB-483A-866B-F5F2623064A2}.Release|Any CPU.Build.0 = Release|Any CPU
		{12FAFB7F-C5AB-483A-866B-F5F2623064A2}.Release|iPhone.ActiveCfg = Release|Any CPU
		{12FAFB7F-C5AB-483A-866B-F5F2623064A2}.Release|iPhoneSimulator.ActiveCfg = Release|Any CPU
		{12FAFB7F-C5AB-483A-866B-F5F2623064A2}.Release|Mixed Platforms.ActiveCfg = Release|Any CPU
		{12FAFB7F-C5AB-483A-866B-F5F2623064A2}.Release|Mixed Platforms.Build.0 = Release|Any CPU
		{F9D593B9-F709-4D4D-A09D-5C86D14C4D05}.Ad-Hoc|Any CPU.ActiveCfg = Release|Any CPU
		{F9D593B9-F709-4D4D-A09D-5C86D14C4D05}.Ad-Hoc|Any CPU.Build.0 = Release|Any CPU
		{F9D593B9-F709-4D4D-A09D-5C86D14C4D05}.Ad-Hoc|iPhone.ActiveCfg = Release|Any CPU
		{F9D593B9-F709-4D4D-A09D-5C86D14C4D05}.Ad-Hoc|iPhoneSimulator.ActiveCfg = Release|Any CPU
		{F9D593B9-F709-4D4D-A09D-5C86D14C4D05}.Ad-Hoc|Mixed Platforms.ActiveCfg = Release|Any CPU
		{F9D593B9-F709-4D4D-A09D-5C86D14C4D05}.Ad-Hoc|Mixed Platforms.Build.0 = Release|Any CPU
		{F9D593B9-F709-4D4D-A09D-5C86D14C4D05}.AppStore|Any CPU.ActiveCfg = Release|Any CPU
		{F9D593B9-F709-4D4D-A09D-5C86D14C4D05}.AppStore|Any CPU.Build.0 = Release|Any CPU
		{F9D593B9-F709-4D4D-A09D-5C86D14C4D05}.AppStore|iPhone.ActiveCfg = Release|Any CPU
		{F9D593B9-F709-4D4D-A09D-5C86D14C4D05}.AppStore|iPhoneSimulator.ActiveCfg = Release|Any CPU
		{F9D593B9-F709-4D4D-A09D-5C86D14C4D05}.AppStore|Mixed Platforms.ActiveCfg = Release|Any CPU
		{F9D593B9-F709-4D4D-A09D-5C86D14C4D05}.AppStore|Mixed Platforms.Build.0 = Release|Any CPU
		{F9D593B9-F709-4D4D-A09D-5C86D14C4D05}.Debug|Any CPU.ActiveCfg = Debug|Any CPU
		{F9D593B9-F709-4D4D-A09D-5C86D14C4D05}.Debug|Any CPU.Build.0 = Debug|Any CPU
		{F9D593B9-F709-4D4D-A09D-5C86D14C4D05}.Debug|iPhone.ActiveCfg = Debug|Any CPU
		{F9D593B9-F709-4D4D-A09D-5C86D14C4D05}.Debug|iPhoneSimulator.ActiveCfg = Debug|Any CPU
		{F9D593B9-F709-4D4D-A09D-5C86D14C4D05}.Debug|Mixed Platforms.ActiveCfg = Debug|Any CPU
		{F9D593B9-F709-4D4D-A09D-5C86D14C4D05}.Debug|Mixed Platforms.Build.0 = Debug|Any CPU
		{F9D593B9-F709-4D4D-A09D-5C86D14C4D05}.Release|Any CPU.ActiveCfg = Release|Any CPU
		{F9D593B9-F709-4D4D-A09D-5C86D14C4D05}.Release|Any CPU.Build.0 = Release|Any CPU
		{F9D593B9-F709-4D4D-A09D-5C86D14C4D05}.Release|iPhone.ActiveCfg = Release|Any CPU
		{F9D593B9-F709-4D4D-A09D-5C86D14C4D05}.Release|iPhoneSimulator.ActiveCfg = Release|Any CPU
		{F9D593B9-F709-4D4D-A09D-5C86D14C4D05}.Release|Mixed Platforms.ActiveCfg = Release|Any CPU
		{F9D593B9-F709-4D4D-A09D-5C86D14C4D05}.Release|Mixed Platforms.Build.0 = Release|Any CPU
		{97BFAAA7-02E3-4202-B3A5-F04D23A2ADE2}.Ad-Hoc|Any CPU.ActiveCfg = Release|Any CPU
		{97BFAAA7-02E3-4202-B3A5-F04D23A2ADE2}.Ad-Hoc|Any CPU.Build.0 = Release|Any CPU
		{97BFAAA7-02E3-4202-B3A5-F04D23A2ADE2}.Ad-Hoc|iPhone.ActiveCfg = Release|Any CPU
		{97BFAAA7-02E3-4202-B3A5-F04D23A2ADE2}.Ad-Hoc|iPhoneSimulator.ActiveCfg = Release|Any CPU
		{97BFAAA7-02E3-4202-B3A5-F04D23A2ADE2}.Ad-Hoc|Mixed Platforms.ActiveCfg = Release|Any CPU
		{97BFAAA7-02E3-4202-B3A5-F04D23A2ADE2}.Ad-Hoc|Mixed Platforms.Build.0 = Release|Any CPU
		{97BFAAA7-02E3-4202-B3A5-F04D23A2ADE2}.AppStore|Any CPU.ActiveCfg = Release|Any CPU
		{97BFAAA7-02E3-4202-B3A5-F04D23A2ADE2}.AppStore|Any CPU.Build.0 = Release|Any CPU
		{97BFAAA7-02E3-4202-B3A5-F04D23A2ADE2}.AppStore|iPhone.ActiveCfg = Release|Any CPU
		{97BFAAA7-02E3-4202-B3A5-F04D23A2ADE2}.AppStore|iPhoneSimulator.ActiveCfg = Release|Any CPU
		{97BFAAA7-02E3-4202-B3A5-F04D23A2ADE2}.AppStore|Mixed Platforms.ActiveCfg = Release|Any CPU
		{97BFAAA7-02E3-4202-B3A5-F04D23A2ADE2}.AppStore|Mixed Platforms.Build.0 = Release|Any CPU
		{97BFAAA7-02E3-4202-B3A5-F04D23A2ADE2}.Debug|Any CPU.ActiveCfg = Debug|Any CPU
		{97BFAAA7-02E3-4202-B3A5-F04D23A2ADE2}.Debug|Any CPU.Build.0 = Debug|Any CPU
		{97BFAAA7-02E3-4202-B3A5-F04D23A2ADE2}.Debug|iPhone.ActiveCfg = Debug|Any CPU
		{97BFAAA7-02E3-4202-B3A5-F04D23A2ADE2}.Debug|iPhoneSimulator.ActiveCfg = Debug|Any CPU
		{97BFAAA7-02E3-4202-B3A5-F04D23A2ADE2}.Debug|Mixed Platforms.ActiveCfg = Debug|Any CPU
		{97BFAAA7-02E3-4202-B3A5-F04D23A2ADE2}.Debug|Mixed Platforms.Build.0 = Debug|Any CPU
		{97BFAAA7-02E3-4202-B3A5-F04D23A2ADE2}.Release|Any CPU.ActiveCfg = Release|Any CPU
		{97BFAAA7-02E3-4202-B3A5-F04D23A2ADE2}.Release|Any CPU.Build.0 = Release|Any CPU
		{97BFAAA7-02E3-4202-B3A5-F04D23A2ADE2}.Release|iPhone.ActiveCfg = Release|Any CPU
		{97BFAAA7-02E3-4202-B3A5-F04D23A2ADE2}.Release|iPhoneSimulator.ActiveCfg = Release|Any CPU
		{97BFAAA7-02E3-4202-B3A5-F04D23A2ADE2}.Release|Mixed Platforms.ActiveCfg = Release|Any CPU
		{97BFAAA7-02E3-4202-B3A5-F04D23A2ADE2}.Release|Mixed Platforms.Build.0 = Release|Any CPU
	EndGlobalSection
	GlobalSection(SolutionProperties) = preSolution
		HideSolutionNode = FALSE
	EndGlobalSection
	GlobalSection(NestedProjects) = preSolution
		{6A965BD9-E8AD-4815-9400-EF4FD7B727A7} = {3A6FE14C-4145-41B1-B627-CFF9FC89ED9F}
		{0CCDB48A-5FEC-4C55-8BB1-3605A31D7692} = {3A6FE14C-4145-41B1-B627-CFF9FC89ED9F}
		{161DBA7F-472B-4B01-93BC-3E61F21DA8BA} = {3A6FE14C-4145-41B1-B627-CFF9FC89ED9F}
		{4C7AE6DF-C380-4719-ACDE-10AA951777DE} = {3A6FE14C-4145-41B1-B627-CFF9FC89ED9F}
		{BE86BAD6-8F7F-4795-A9AB-DF4001322172} = {6A965BD9-E8AD-4815-9400-EF4FD7B727A7}
		{F017A21D-1EBB-484C-B6A7-213ECEE88289} = {6A965BD9-E8AD-4815-9400-EF4FD7B727A7}
		{A6231057-473C-4B86-B129-1BD6957783D4} = {0CCDB48A-5FEC-4C55-8BB1-3605A31D7692}
		{73D73D86-7ACD-432A-99EE-530F8BA6E754} = {0CCDB48A-5FEC-4C55-8BB1-3605A31D7692}
		{F2DB70F3-82B7-437C-AEBB-CEB4CE2B06A4} = {161DBA7F-472B-4B01-93BC-3E61F21DA8BA}
		{12FAFB7F-C5AB-483A-866B-F5F2623064A2} = {161DBA7F-472B-4B01-93BC-3E61F21DA8BA}
		{F9D593B9-F709-4D4D-A09D-5C86D14C4D05} = {4C7AE6DF-C380-4719-ACDE-10AA951777DE}
		{97BFAAA7-02E3-4202-B3A5-F04D23A2ADE2} = {4C7AE6DF-C380-4719-ACDE-10AA951777DE}
	EndGlobalSection
EndGlobal
